
Microsoft Visual Studio Solution File, Format Version 12.00
# Visual Studio Version 16
VisualStudioVersion = 16.0.32802.440
MinimumVisualStudioVersion = 10.0.40219.1
Project("{8BC9CEB8-8B4A-11D0-8D11-00A0C91BC942}") = "Project0920", "Project0920.vcxproj", "{EA8F94C2-BE18-4806-873D-802FAD331C3E}"
EndProject
Global
	GlobalSection(SolutionConfigurationPlatforms) = preSolution
		Debug|x64 = Debug|x64
		Debug|x86 = Debug|x86
		Release|x64 = Release|x64
		Release|x86 = Release|x86
	EndGlobalSection
	GlobalSection(ProjectConfigurationPlatforms) = postSolution
		{EA8F94C2-BE18-4806-873D-802FAD331C3E}.Debug|x64.ActiveCfg = Debug|x64
		{EA8F94C2-BE18-4806-873D-802FAD331C3E}.Debug|x64.Build.0 = Debug|x64
		{EA8F94C2-BE18-4806-873D-802FAD331C3E}.Debug|x86.ActiveCfg = Debug|Win32
		{EA8F94C2-BE18-4806-873D-802FAD331C3E}.Debug|x86.Build.0 = Debug|Win32
		{EA8F94C2-BE18-4806-873D-802FAD331C3E}.Release|x64.ActiveCfg = Release|x64
		{EA8F94C2-BE18-4806-873D-802FAD331C3E}.Release|x64.Build.0 = Release|x64
		{EA8F94C2-BE18-4806-873D-802FAD331C3E}.Release|x86.ActiveCfg = Release|Win32
		{EA8F94C2-BE18-4806-873D-802FAD331C3E}.Release|x86.Build.0 = Release|Win32
	EndGlobalSection
	GlobalSection(SolutionProperties) = preSolution
		HideSolutionNode = FALSE
	EndGlobalSection
	GlobalSection(ExtensibilityGlobals) = postSolution
		SolutionGuid = {214D1FBD-2E74-48E0-89AC-9ABFD43F1A98}
	EndGlobalSection
EndGlobal
